
Microsoft Visual Studio Solution File, Format Version 12.00
# Visual Studio 15
VisualStudioVersion = 15.0.28307.960
MinimumVisualStudioVersion = 10.0.40219.1
Project("{FAE04EC0-301F-11D3-BF4B-00C04F79EFBC}") = "Partners", "Partners\Partners.csproj", "{37020F85-014E-4CAA-AA9F-6623487DF02B}"
EndProject
Global
	GlobalSection(SolutionConfigurationPlatforms) = preSolution
		Debug|Any CPU = Debug|Any CPU
		Release|Any CPU = Release|Any CPU
	EndGlobalSection
	GlobalSection(ProjectConfigurationPlatforms) = postSolution
		{37020F85-014E-4CAA-AA9F-6623487DF02B}.Debug|Any CPU.ActiveCfg = Debug|Any CPU
		{37020F85-014E-4CAA-AA9F-6623487DF02B}.Debug|Any CPU.Build.0 = Debug|Any CPU
		{37020F85-014E-4CAA-AA9F-6623487DF02B}.Release|Any CPU.ActiveCfg = Release|Any CPU
		{37020F85-014E-4CAA-AA9F-6623487DF02B}.Release|Any CPU.Build.0 = Release|Any CPU
	EndGlobalSection
	GlobalSection(SolutionProperties) = preSolution
		HideSolutionNode = FALSE
	EndGlobalSection
	GlobalSection(ExtensibilityGlobals) = postSolution
		SolutionGuid = {01F78E39-1860-4300-8414-B3F44CF1E21C}
	EndGlobalSection
EndGlobal
